
Microsoft Visual Studio Solution File, Format Version 12.00
# Visual Studio Version 16
VisualStudioVersion = 16.0.30804.86
MinimumVisualStudioVersion = 10.0.40219.1
Project("{9A19103F-16F7-4668-BE54-9A1E7A4F7556}") = "BookFinder.Entities", "BookFinder.Entities\BookFinder.Entities.csproj", "{58F717FF-ADD5-49D0-9674-469D8E2E1C36}"
EndProject
Project("{9A19103F-16F7-4668-BE54-9A1E7A4F7556}") = "BookFinder.DataAccess", "BookFinder.DataAccess\BookFinder.DataAccess.csproj", "{7593D3CF-EB54-4D02-AC2B-76E18A71D0D3}"
EndProject
Project("{FAE04EC0-301F-11D3-BF4B-00C04F79EFBC}") = "BookFinder.Business", "BookFinder.Bussines\BookFinder.Business.csproj", "{CAA079B4-6EE0-4DDA-889A-ADA39EC95371}"
EndProject
Project("{FAE04EC0-301F-11D3-BF4B-00C04F79EFBC}") = "BookFinder.API", "BookFinder.API\BookFinder.API.csproj", "{04D2E78A-EF8B-49DC-9A15-10C274ECF1E5}"
EndProject
Global
	GlobalSection(SolutionConfigurationPlatforms) = preSolution
		Debug|Any CPU = Debug|Any CPU
		Release|Any CPU = Release|Any CPU
	EndGlobalSection
	GlobalSection(ProjectConfigurationPlatforms) = postSolution
		{58F717FF-ADD5-49D0-9674-469D8E2E1C36}.Debug|Any CPU.ActiveCfg = Debug|Any CPU
		{58F717FF-ADD5-49D0-9674-469D8E2E1C36}.Debug|Any CPU.Build.0 = Debug|Any CPU
		{58F717FF-ADD5-49D0-9674-469D8E2E1C36}.Release|Any CPU.ActiveCfg = Release|Any CPU
		{58F717FF-ADD5-49D0-9674-469D8E2E1C36}.Release|Any CPU.Build.0 = Release|Any CPU
		{7593D3CF-EB54-4D02-AC2B-76E18A71D0D3}.Debug|Any CPU.ActiveCfg = Debug|Any CPU
		{7593D3CF-EB54-4D02-AC2B-76E18A71D0D3}.Debug|Any CPU.Build.0 = Debug|Any CPU
		{7593D3CF-EB54-4D02-AC2B-76E18A71D0D3}.Release|Any CPU.ActiveCfg = Release|Any CPU
		{7593D3CF-EB54-4D02-AC2B-76E18A71D0D3}.Release|Any CPU.Build.0 = Release|Any CPU
		{CAA079B4-6EE0-4DDA-889A-ADA39EC95371}.Debug|Any CPU.ActiveCfg = Debug|Any CPU
		{CAA079B4-6EE0-4DDA-889A-ADA39EC95371}.Debug|Any CPU.Build.0 = Debug|Any CPU
		{CAA079B4-6EE0-4DDA-889A-ADA39EC95371}.Release|Any CPU.ActiveCfg = Release|Any CPU
		{CAA079B4-6EE0-4DDA-889A-ADA39EC95371}.Release|Any CPU.Build.0 = Release|Any CPU
		{04D2E78A-EF8B-49DC-9A15-10C274ECF1E5}.Debug|Any CPU.ActiveCfg = Debug|Any CPU
		{04D2E78A-EF8B-49DC-9A15-10C274ECF1E5}.Debug|Any CPU.Build.0 = Debug|Any CPU
		{04D2E78A-EF8B-49DC-9A15-10C274ECF1E5}.Release|Any CPU.ActiveCfg = Release|Any CPU
		{04D2E78A-EF8B-49DC-9A15-10C274ECF1E5}.Release|Any CPU.Build.0 = Release|Any CPU
	EndGlobalSection
	GlobalSection(SolutionProperties) = preSolution
		HideSolutionNode = FALSE
	EndGlobalSection
	GlobalSection(ExtensibilityGlobals) = postSolution
		SolutionGuid = {BA6C62A8-EC20-4BEC-8F35-5F8031198BFF}
	EndGlobalSection
EndGlobal
